
Microsoft Visual Studio Solution File, Format Version 12.00
# Visual Studio Version 17
VisualStudioVersion = 17.5.33530.505
MinimumVisualStudioVersion = 10.0.40219.1
Project("{FAE04EC0-301F-11D3-BF4B-00C04F79EFBC}") = "CustomDependencyInjection", "CustomDependencyInjection\CustomDependencyInjection.csproj", "{010874AA-71E8-4FCE-8319-EFD564FECA5A}"
EndProject
Global
	GlobalSection(SolutionConfigurationPlatforms) = preSolution
		Debug|Any CPU = Debug|Any CPU
		Release|Any CPU = Release|Any CPU
	EndGlobalSection
	GlobalSection(ProjectConfigurationPlatforms) = postSolution
		{010874AA-71E8-4FCE-8319-EFD564FECA5A}.Debug|Any CPU.ActiveCfg = Debug|Any CPU
		{010874AA-71E8-4FCE-8319-EFD564FECA5A}.Debug|Any CPU.Build.0 = Debug|Any CPU
		{010874AA-71E8-4FCE-8319-EFD564FECA5A}.Release|Any CPU.ActiveCfg = Release|Any CPU
		{010874AA-71E8-4FCE-8319-EFD564FECA5A}.Release|Any CPU.Build.0 = Release|Any CPU
	EndGlobalSection
	GlobalSection(SolutionProperties) = preSolution
		HideSolutionNode = FALSE
	EndGlobalSection
	GlobalSection(ExtensibilityGlobals) = postSolution
		SolutionGuid = {819FCCC4-EDE6-4A1D-887B-52A5D02DCD9D}
	EndGlobalSection
EndGlobal
